{
  "originHash" : "2d089f71cafe8d8888657f45825d57b894454ca6a4c7aa33051e23bb9d8492fa",
  "pins" : [
    {
      "identity" : "swift-log",
      "kind" : "remoteSourceControl",
      "location" : "https://github.com/apple/swift-log.git",
      "state" : {
        "revision" : "532d8b529501fb73a2455b179e0bbb6d49b652ed",
        "version" : "1.5.3"
      }
    },
    {
      "identity" : "wrkstrmlog",
      "kind" : "remoteSourceControl",
      "location" : "https://github.com/wrkstrm/WrkstrmLog",
      "state" : {
        "revision" : "8d7348152fd668affb270106eb6f1159beb55475",
        "version" : "0.4.0"
      }
    },
    {
      "identity" : "wrkstrmmain",
      "kind" : "remoteSourceControl",
      "location" : "https://github.com/wrkstrm/WrkstrmMain",
      "state" : {
        "revision" : "22e4a15e33f66e48e817df3920ad3b2a4ede02d2",
        "version" : "0.5.6"
      }
    }
  ],
  "version" : 3
}
