{
  "pins" : [
    {
      "identity" : "swift-log",
      "kind" : "remoteSourceControl",
      "location" : "https://github.com/apple/swift-log.git",
      "state" : {
        "revision" : "532d8b529501fb73a2455b179e0bbb6d49b652ed",
        "version" : "1.5.3"
      }
    },
    {
      "identity" : "wrkstrmlog",
      "kind" : "remoteSourceControl",
      "location" : "https://github.com/wrkstrm/WrkstrmLog",
      "state" : {
        "branch" : "main",
        "revision" : "ad72986a1fa6af39f169da3ee4e73a8cc4b402df"
      }
    },
    {
      "identity" : "wrkstrmmain",
      "kind" : "remoteSourceControl",
      "location" : "https://github.com/wrkstrm/WrkstrmMain",
      "state" : {
        "branch" : "main",
        "revision" : "d842568bb57a80b6bc1ab1875bf7f3ebe214e959"
      }
    }
  ],
  "version" : 2
}
